{
  "lockfile_version": "1",
  "packages": {
    "awscli2@latest": {
      "last_modified": "2025-02-07T11:26:36Z",
      "resolved": "github:NixOS/nixpkgs/d98abf5cf5914e5e4e9d57205e3af55ca90ffc1d#awscli2",
      "source": "devbox-search",
      "version": "2.23.11",
      "systems": {
        "aarch64-darwin": {
          "outputs": [
            {
              "name": "out",
              "path": "/nix/store/xgc375fqnx7i91psclrxmazgxb328n0v-awscli2-2.23.11",
              "default": true
            },
            {
              "name": "dist",
              "path": "/nix/store/qzbmzsdc3rf35m8qwmi5gh9gw5f30haa-awscli2-2.23.11-dist"
            }
          ],
          "store_path": "/nix/store/xgc375fqnx7i91psclrxmazgxb328n0v-awscli2-2.23.11"
        },
        "aarch64-linux": {
          "outputs": [
            {
              "name": "out",
              "path": "/nix/store/lvzxygzya67f3xnnkb99qqjhvhizqmn8-awscli2-2.23.11",
              "default": true
            },
            {
              "name": "dist",
              "path": "/nix/store/rp6zsiw7ajssnnxm8gb5vrqz89k9wy96-awscli2-2.23.11-dist"
            }
          ],
          "store_path": "/nix/store/lvzxygzya67f3xnnkb99qqjhvhizqmn8-awscli2-2.23.11"
        },
        "x86_64-darwin": {
          "outputs": [
            {
              "name": "out",
              "path": "/nix/store/5mg2kvwga04jghvngskhmwmwrk1f8i5z-awscli2-2.23.11",
              "default": true
            },
            {
              "name": "dist",
              "path": "/nix/store/n3na3vqiavqcd7r6g4g1vnhq5hic7xiq-awscli2-2.23.11-dist"
            }
          ],
          "store_path": "/nix/store/5mg2kvwga04jghvngskhmwmwrk1f8i5z-awscli2-2.23.11"
        },
        "x86_64-linux": {
          "outputs": [
            {
              "name": "out",
              "path": "/nix/store/29xal5qblw03j0kfs7jxsh3zxw35626d-awscli2-2.23.11",
              "default": true
            },
            {
              "name": "dist",
              "path": "/nix/store/3a2a50la3rzsxkl14hia26zrsal4hq6m-awscli2-2.23.11-dist"
            }
          ],
          "store_path": "/nix/store/29xal5qblw03j0kfs7jxsh3zxw35626d-awscli2-2.23.11"
        }
      }
    },
    "direnv@latest": {
      "last_modified": "2025-01-19T08:16:51Z",
      "resolved": "github:NixOS/nixpkgs/50165c4f7eb48ce82bd063e1fb8047a0f515f8ce#direnv",
      "source": "devbox-search",
      "version": "2.35.0",
      "systems": {
        "aarch64-darwin": {
          "outputs": [
            {
              "name": "out",
              "path": "/nix/store/q00mwz61l0kz3ikjafm8v42df79vw70m-direnv-2.35.0",
              "default": true
            }
          ],
          "store_path": "/nix/store/q00mwz61l0kz3ikjafm8v42df79vw70m-direnv-2.35.0"
        },
        "aarch64-linux": {
          "outputs": [
            {
              "name": "out",
              "path": "/nix/store/5qjaj63mcpkbgg9dd7kq326d3zv1nfsq-direnv-2.35.0",
              "default": true
            }
          ],
          "store_path": "/nix/store/5qjaj63mcpkbgg9dd7kq326d3zv1nfsq-direnv-2.35.0"
        },
        "x86_64-darwin": {
          "outputs": [
            {
              "name": "out",
              "path": "/nix/store/7w42jcbp3gl8mswmqkfpm54znbb58116-direnv-2.35.0",
              "default": true
            }
          ],
          "store_path": "/nix/store/7w42jcbp3gl8mswmqkfpm54znbb58116-direnv-2.35.0"
        },
        "x86_64-linux": {
          "outputs": [
            {
              "name": "out",
              "path": "/nix/store/5acgdhnifp5hsvhw2w34jhs5xqjgv0v3-direnv-2.35.0",
              "default": true
            }
          ],
          "store_path": "/nix/store/5acgdhnifp5hsvhw2w34jhs5xqjgv0v3-direnv-2.35.0"
        }
      }
    },
    "flyway@latest": {
      "last_modified": "2025-01-19T08:16:51Z",
      "resolved": "github:NixOS/nixpkgs/50165c4f7eb48ce82bd063e1fb8047a0f515f8ce#flyway",
      "source": "devbox-search",
      "version": "11.0.1",
      "systems": {
        "aarch64-darwin": {
          "outputs": [
            {
              "name": "out",
              "path": "/nix/store/d1628if0kkpr74msvn42mwahhqb33hwh-flyway-11.0.1",
              "default": true
            }
          ],
          "store_path": "/nix/store/d1628if0kkpr74msvn42mwahhqb33hwh-flyway-11.0.1"
        },
        "aarch64-linux": {
          "outputs": [
            {
              "name": "out",
              "path": "/nix/store/zrscl1rvmg8aldw1jvw2s2bbh1jibimn-flyway-11.0.1",
              "default": true
            }
          ],
          "store_path": "/nix/store/zrscl1rvmg8aldw1jvw2s2bbh1jibimn-flyway-11.0.1"
        },
        "x86_64-darwin": {
          "outputs": [
            {
              "name": "out",
              "path": "/nix/store/wgkhs9mws1vg8r7lizbpzg4zfkn3azsl-flyway-11.0.1",
              "default": true
            }
          ],
          "store_path": "/nix/store/wgkhs9mws1vg8r7lizbpzg4zfkn3azsl-flyway-11.0.1"
        },
        "x86_64-linux": {
          "outputs": [
            {
              "name": "out",
              "path": "/nix/store/a869i9qp7qvq94qq52sa9yw2r5bjymml-flyway-11.0.1",
              "default": true
            }
          ],
          "store_path": "/nix/store/a869i9qp7qvq94qq52sa9yw2r5bjymml-flyway-11.0.1"
        }
      }
    },
    "github:NixOS/nixpkgs/nixpkgs-unstable": {
      "last_modified": "2025-07-19T04:40:28Z",
      "resolved": "github:NixOS/nixpkgs/6b4955211758ba47fac850c040a27f23b9b4008f?lastModified=1752900028&narHash=sha256-dPALCtmik9Wr14MGqVXm%2BOQcv7vhPBXcWNIOThGnB%2FQ%3D"
    },
    "glibcLocales@latest": {
      "last_modified": "2025-07-13T22:45:35Z",
      "resolved": "github:NixOS/nixpkgs/a421ac6595024edcfbb1ef950a3712b89161c359#glibcLocales",
      "source": "devbox-search",
      "version": "2.40-66",
      "systems": {
        "aarch64-linux": {
          "outputs": [
            {
              "name": "out",
              "path": "/nix/store/wqz9ji7hzfnhg79wz9p7597vp898i9vz-glibc-locales-2.40-66",
              "default": true
            }
          ],
          "store_path": "/nix/store/wqz9ji7hzfnhg79wz9p7597vp898i9vz-glibc-locales-2.40-66"
        },
        "x86_64-linux": {
          "outputs": [
            {
              "name": "out",
              "path": "/nix/store/d7250sbw13rpdrcrcgv6hi6jkyp94m0g-glibc-locales-2.40-66",
              "default": true
            }
          ],
          "store_path": "/nix/store/d7250sbw13rpdrcrcgv6hi6jkyp94m0g-glibc-locales-2.40-66"
        }
      }
    },
    "graalvm-ce@latest": {
      "last_modified": "2024-12-11T16:51:25Z",
      "resolved": "github:NixOS/nixpkgs/5a48e3c2e435e95103d56590188cfed7b70e108c#graalvm-ce",
      "source": "devbox-search",
      "version": "23.0.1",
      "systems": {
        "aarch64-darwin": {
          "outputs": [
            {
              "name": "out",
              "path": "/nix/store/dajgww5y1aiq035nacnn8d6npa8aad0j-graalvm-ce-23.0.1",
              "default": true
            }
          ],
          "store_path": "/nix/store/dajgww5y1aiq035nacnn8d6npa8aad0j-graalvm-ce-23.0.1"
        },
        "aarch64-linux": {
          "outputs": [
            {
              "name": "out",
              "path": "/nix/store/g1q79h9by16mrzlj2jhy8gjk29wk7vyi-graalvm-ce-23.0.1",
              "default": true
            }
          ],
          "store_path": "/nix/store/g1q79h9by16mrzlj2jhy8gjk29wk7vyi-graalvm-ce-23.0.1"
        },
        "x86_64-darwin": {
          "outputs": [
            {
              "name": "out",
              "path": "/nix/store/s27b9pklszqjrs9z8gy3iwndva90sli8-graalvm-ce-23.0.1",
              "default": true
            }
          ],
          "store_path": "/nix/store/s27b9pklszqjrs9z8gy3iwndva90sli8-graalvm-ce-23.0.1"
        },
        "x86_64-linux": {
          "outputs": [
            {
              "name": "out",
              "path": "/nix/store/9imh5ijnmi6naxzcdz69l8a5kbi75nsa-graalvm-ce-23.0.1",
              "default": true
            }
          ],
          "store_path": "/nix/store/9imh5ijnmi6naxzcdz69l8a5kbi75nsa-graalvm-ce-23.0.1"
        }
      }
    },
    "maven@latest": {
      "last_modified": "2025-01-19T08:16:51Z",
      "resolved": "github:NixOS/nixpkgs/50165c4f7eb48ce82bd063e1fb8047a0f515f8ce#maven",
      "source": "devbox-search",
      "version": "3.9.9",
      "systems": {
        "aarch64-darwin": {
          "outputs": [
            {
              "name": "out",
              "path": "/nix/store/10lcy7avwkxg2zc43ql1l0l2anrd73cw-maven-3.9.9",
              "default": true
            }
          ],
          "store_path": "/nix/store/10lcy7avwkxg2zc43ql1l0l2anrd73cw-maven-3.9.9"
        },
        "aarch64-linux": {
          "outputs": [
            {
              "name": "out",
              "path": "/nix/store/krm05c4zw3v3jqxzncx7q0r6l2q4x1j0-maven-3.9.9",
              "default": true
            }
          ],
          "store_path": "/nix/store/krm05c4zw3v3jqxzncx7q0r6l2q4x1j0-maven-3.9.9"
        },
        "x86_64-darwin": {
          "outputs": [
            {
              "name": "out",
              "path": "/nix/store/frdcg7rf1ps9wvd31591n5i2gja4r14p-maven-3.9.9",
              "default": true
            }
          ],
          "store_path": "/nix/store/frdcg7rf1ps9wvd31591n5i2gja4r14p-maven-3.9.9"
        },
        "x86_64-linux": {
          "outputs": [
            {
              "name": "out",
              "path": "/nix/store/zidqb732mgnhfw1iw5diqrf8ka4spm28-maven-3.9.9",
              "default": true
            }
          ],
          "store_path": "/nix/store/zidqb732mgnhfw1iw5diqrf8ka4spm28-maven-3.9.9"
        }
      }
    },
    "postgresql@latest": {
      "last_modified": "2025-07-22T02:38:50Z",
      "plugin_version": "0.0.2",
      "resolved": "github:NixOS/nixpkgs/83e677f31c84212343f4cc553bab85c2efcad60a#postgresql",
      "source": "devbox-search",
      "version": "17.5",
      "systems": {
        "aarch64-darwin": {
          "outputs": [
            {
              "name": "out",
              "path": "/nix/store/phx7lp6ay4c433r55m6yi4bhhcpr13nj-postgresql-17.5",
              "default": true
            },
            {
              "name": "man",
              "path": "/nix/store/6ykfarwy7d2q7x8g90y0jak3p3hpxyf1-postgresql-17.5-man",
              "default": true
            },
            {
              "name": "dev",
              "path": "/nix/store/iwv2dyc6786cy5xrf9274kjf9y7nqkmm-postgresql-17.5-dev"
            },
            {
              "name": "plperl",
              "path": "/nix/store/z22xj26cpkp2gjk0z4nck2dj9qw34j30-postgresql-17.5-plperl"
            },
            {
              "name": "pltcl",
              "path": "/nix/store/c8k6g17w17li210qax7ph6rhkf7p7q2y-postgresql-17.5-pltcl"
            },
            {
              "name": "doc",
              "path": "/nix/store/myziqq9yii47ayblvjxxy9ghyapz2911-postgresql-17.5-doc"
            },
            {
              "name": "jit",
              "path": "/nix/store/kk9sc96xl3mxqvjh6kb37ryc3395070c-postgresql-17.5-jit"
            },
            {
              "name": "lib",
              "path": "/nix/store/99r8cq9f6kjrlfc6pddaqgw5db9v2fj3-postgresql-17.5-lib"
            },
            {
              "name": "plpython3",
              "path": "/nix/store/0k0y9bph0xc2r31iin9cl41pmm1x4s2h-postgresql-17.5-plpython3"
            }
          ],
          "store_path": "/nix/store/phx7lp6ay4c433r55m6yi4bhhcpr13nj-postgresql-17.5"
        },
        "aarch64-linux": {
          "outputs": [
            {
              "name": "out",
              "path": "/nix/store/gk2xcf1j93m9h9zgmb33sni87gyw5bxs-postgresql-17.5",
              "default": true
            },
            {
              "name": "man",
              "path": "/nix/store/64kw0cllic21bigm5qa7lxyb2zaj8q2j-postgresql-17.5-man",
              "default": true
            },
            {
              "name": "plperl",
              "path": "/nix/store/nr82j6v1yd1ax47yinmd0mz2zrjr3d5g-postgresql-17.5-plperl"
            },
            {
              "name": "jit",
              "path": "/nix/store/nn9d0y0xvnp6r9yph63hrjd4mqb0gscc-postgresql-17.5-jit"
            },
            {
              "name": "plpython3",
              "path": "/nix/store/2hpm4s8w8fvr1assr3p0rh1452i6wsbx-postgresql-17.5-plpython3"
            },
            {
              "name": "pltcl",
              "path": "/nix/store/2rx5z7qv0ghhll83r27rdjvkyav6xwfc-postgresql-17.5-pltcl"
            },
            {
              "name": "debug",
              "path": "/nix/store/5vlg2fi69yyvm7k64g1m21212jssz4am-postgresql-17.5-debug"
            },
            {
              "name": "dev",
              "path": "/nix/store/f8blr21mdkci3pry2gsl08w5azc51r06-postgresql-17.5-dev"
            },
            {
              "name": "doc",
              "path": "/nix/store/jgn2a8k82a7p05yb3pm1a6x6imvv5dia-postgresql-17.5-doc"
            },
            {
              "name": "lib",
              "path": "/nix/store/pq4a10dpymbmphfkx198gmh2m68xs5vs-postgresql-17.5-lib"
            }
          ],
          "store_path": "/nix/store/gk2xcf1j93m9h9zgmb33sni87gyw5bxs-postgresql-17.5"
        },
        "x86_64-darwin": {
          "outputs": [
            {
              "name": "out",
              "path": "/nix/store/shgk6yzqfssqaklnjwj9wkq44mal48gc-postgresql-17.5",
              "default": true
            },
            {
              "name": "man",
              "path": "/nix/store/dmhxi57swl9h94ysk9qw2a3xzs7l9d1n-postgresql-17.5-man",
              "default": true
            },
            {
              "name": "pltcl",
              "path": "/nix/store/xbcvpym1liim9ps0glgg0z1q8w2jks7r-postgresql-17.5-pltcl"
            },
            {
              "name": "jit",
              "path": "/nix/store/zrqgmdi38ilz50p6r02ngzdpayl83qbm-postgresql-17.5-jit"
            },
            {
              "name": "lib",
              "path": "/nix/store/5g6p91hv753j8dbhz96i5lxzx062rb77-postgresql-17.5-lib"
            },
            {
              "name": "plpython3",
              "path": "/nix/store/04i62w2154w03grzprn3ayknng0gnkrm-postgresql-17.5-plpython3"
            },
            {
              "name": "doc",
              "path": "/nix/store/hd3mga73kh6f8paqdjmrzp17mim4ycr0-postgresql-17.5-doc"
            },
            {
              "name": "plperl",
              "path": "/nix/store/1j94wd7l024ycwygv0f4cq5wl2ib8qa6-postgresql-17.5-plperl"
            },
            {
              "name": "dev",
              "path": "/nix/store/bbih6a245758jly7a3xxvx5b7fl8yr7p-postgresql-17.5-dev"
            }
          ],
          "store_path": "/nix/store/shgk6yzqfssqaklnjwj9wkq44mal48gc-postgresql-17.5"
        },
        "x86_64-linux": {
          "outputs": [
            {
              "name": "out",
              "path": "/nix/store/18h1iq143asmls8xbnx9iy0fwvq4jdcw-postgresql-17.5",
              "default": true
            },
            {
              "name": "man",
              "path": "/nix/store/15sqf4g17as61whwvwqcylx4sva9gsw3-postgresql-17.5-man",
              "default": true
            },
            {
              "name": "jit",
              "path": "/nix/store/phpwm9clfzndmr0jmgx8sp2m82swvd27-postgresql-17.5-jit"
            },
            {
              "name": "dev",
              "path": "/nix/store/875w7hbh6d3l668varr330ghgmjn1fm5-postgresql-17.5-dev"
            },
            {
              "name": "lib",
              "path": "/nix/store/6dmi25vmv511v7i3xh4kiz945pyaa8vw-postgresql-17.5-lib"
            },
            {
              "name": "plperl",
              "path": "/nix/store/9x4k6z45mfdn6h27wmyd2zzdciq5mm4v-postgresql-17.5-plperl"
            },
            {
              "name": "plpython3",
              "path": "/nix/store/4cqm44654wa91mkg584vpkkbs87rd5qz-postgresql-17.5-plpython3"
            },
            {
              "name": "pltcl",
              "path": "/nix/store/r0k99x9mhydk55jmiq10am8w3gjbpy65-postgresql-17.5-pltcl"
            },
            {
              "name": "doc",
              "path": "/nix/store/5y7dalpz0gk2b10pzsykfjhn6yxcmrzj-postgresql-17.5-doc"
            },
            {
              "name": "debug",
              "path": "/nix/store/c9icyqz1ygn49wn18y5rd3bddxa3yn7m-postgresql-17.5-debug"
            }
          ],
          "store_path": "/nix/store/18h1iq143asmls8xbnx9iy0fwvq4jdcw-postgresql-17.5"
        }
      }
    },
    "quarkus@latest": {
      "last_modified": "2025-02-03T12:02:36Z",
      "resolved": "github:NixOS/nixpkgs/c96875e768da1b176250c3bd0edce6b4f7b5d4bb#quarkus",
      "source": "devbox-search",
      "version": "3.18.1",
      "systems": {
        "aarch64-darwin": {
          "outputs": [
            {
              "name": "out",
              "path": "/nix/store/aibxfqylkiycaagyn7ml6c48x1klfwxm-quarkus-cli-3.18.1",
              "default": true
            }
          ],
          "store_path": "/nix/store/aibxfqylkiycaagyn7ml6c48x1klfwxm-quarkus-cli-3.18.1"
        },
        "aarch64-linux": {
          "outputs": [
            {
              "name": "out",
              "path": "/nix/store/a7v3bg2mrmsps1js35l1yk06jmg0apcl-quarkus-cli-3.18.1",
              "default": true
            }
          ],
          "store_path": "/nix/store/a7v3bg2mrmsps1js35l1yk06jmg0apcl-quarkus-cli-3.18.1"
        },
        "x86_64-darwin": {
          "outputs": [
            {
              "name": "out",
              "path": "/nix/store/49x8sjc2c3j4z33jd36gmlkqakqka3rw-quarkus-cli-3.18.1",
              "default": true
            }
          ],
          "store_path": "/nix/store/49x8sjc2c3j4z33jd36gmlkqakqka3rw-quarkus-cli-3.18.1"
        },
        "x86_64-linux": {
          "outputs": [
            {
              "name": "out",
              "path": "/nix/store/a21xaqh3bljqha1p3h84csw13x07qdaa-quarkus-cli-3.18.1",
              "default": true
            }
          ],
          "store_path": "/nix/store/a21xaqh3bljqha1p3h84csw13x07qdaa-quarkus-cli-3.18.1"
        }
      }
    }
  }
}
